
Microsoft Visual Studio Solution File, Format Version 11.00
# Visual Studio 2010
Project("{8BC9CEB8-8B4A-11D0-8D11-00A0C91BC942}") = "pyhash", "src\pyhash.vcxproj", "{DE4D4F32-85CE-42D2-B22F-A51BEFAF9CEB}"
EndProject
Global
	GlobalSection(SolutionConfigurationPlatforms) = preSolution
		Debug|Win32 = Debug|Win32
		Debug|x64 = Debug|x64
		Release|Win32 = Release|Win32
		Release|x64 = Release|x64
	EndGlobalSection
	GlobalSection(ProjectConfigurationPlatforms) = postSolution
		{DE4D4F32-85CE-42D2-B22F-A51BEFAF9CEB}.Debug|Win32.ActiveCfg = Debug|Win32
		{DE4D4F32-85CE-42D2-B22F-A51BEFAF9CEB}.Debug|Win32.Build.0 = Debug|Win32
		{DE4D4F32-85CE-42D2-B22F-A51BEFAF9CEB}.Debug|x64.ActiveCfg = Debug|x64
		{DE4D4F32-85CE-42D2-B22F-A51BEFAF9CEB}.Debug|x64.Build.0 = Debug|x64
		{DE4D4F32-85CE-42D2-B22F-A51BEFAF9CEB}.Release|Win32.ActiveCfg = Release|Win32
		{DE4D4F32-85CE-42D2-B22F-A51BEFAF9CEB}.Release|Win32.Build.0 = Release|Win32
		{DE4D4F32-85CE-42D2-B22F-A51BEFAF9CEB}.Release|x64.ActiveCfg = Release|x64
		{DE4D4F32-85CE-42D2-B22F-A51BEFAF9CEB}.Release|x64.Build.0 = Release|x64
	EndGlobalSection
	GlobalSection(SolutionProperties) = preSolution
		HideSolutionNode = FALSE
	EndGlobalSection
EndGlobal
